
Microsoft Visual Studio Solution File, Format Version 12.00
# Visual Studio 14
VisualStudioVersion = 14.0.25123.0
MinimumVisualStudioVersion = 10.0.40219.1
Project("{FAE04EC0-301F-11D3-BF4B-00C04F79EFBC}") = "Tarea1TablaFat16", "Tarea1TablaFat16\Tarea1TablaFat16.csproj", "{B7FF0455-95DD-404E-A13C-54607B4049D8}"
EndProject
Global
	GlobalSection(SolutionConfigurationPlatforms) = preSolution
		Debug|Any CPU = Debug|Any CPU
		Release|Any CPU = Release|Any CPU
	EndGlobalSection
	GlobalSection(ProjectConfigurationPlatforms) = postSolution
		{B7FF0455-95DD-404E-A13C-54607B4049D8}.Debug|Any CPU.ActiveCfg = Debug|Any CPU
		{B7FF0455-95DD-404E-A13C-54607B4049D8}.Debug|Any CPU.Build.0 = Debug|Any CPU
		{B7FF0455-95DD-404E-A13C-54607B4049D8}.Release|Any CPU.ActiveCfg = Release|Any CPU
		{B7FF0455-95DD-404E-A13C-54607B4049D8}.Release|Any CPU.Build.0 = Release|Any CPU
	EndGlobalSection
	GlobalSection(SolutionProperties) = preSolution
		HideSolutionNode = FALSE
	EndGlobalSection
EndGlobal
